
Microsoft Visual Studio Solution File, Format Version 12.00
# Visual Studio Version 16
VisualStudioVersion = 16.0.31515.178
MinimumVisualStudioVersion = 10.0.40219.1
Project("{9A19103F-16F7-4668-BE54-9A1E7A4F7556}") = "Emulators", "Emulators.csproj", "{A39ED843-86B4-441F-A09E-ADDFDCF0500E}"
EndProject
Global
	GlobalSection(SolutionConfigurationPlatforms) = preSolution
		Debug|Any CPU = Debug|Any CPU
		Release|Any CPU = Release|Any CPU
	EndGlobalSection
	GlobalSection(ProjectConfigurationPlatforms) = postSolution
		{A39ED843-86B4-441F-A09E-ADDFDCF0500E}.Debug|Any CPU.ActiveCfg = Debug|Any CPU
		{A39ED843-86B4-441F-A09E-ADDFDCF0500E}.Debug|Any CPU.Build.0 = Debug|Any CPU
		{A39ED843-86B4-441F-A09E-ADDFDCF0500E}.Release|Any CPU.ActiveCfg = Release|Any CPU
		{A39ED843-86B4-441F-A09E-ADDFDCF0500E}.Release|Any CPU.Build.0 = Release|Any CPU
	EndGlobalSection
	GlobalSection(SolutionProperties) = preSolution
		HideSolutionNode = FALSE
	EndGlobalSection
	GlobalSection(ExtensibilityGlobals) = postSolution
		SolutionGuid = {847A3E5C-208B-4941-84DB-9B65038E0B16}
	EndGlobalSection
EndGlobal
